
Microsoft Visual Studio Solution File, Format Version 12.00
# Visual Studio 15
VisualStudioVersion = 15.0.28307.960
MinimumVisualStudioVersion = 10.0.40219.1
Project("{888888A0-9F3D-457C-B088-3A5042F75D52}") = "SubSyncStarter", "SubSyncStarter\SubSyncStarter.pyproj", "{99F313D2-2282-4F12-9356-D47B7DE14592}"
EndProject
Global
	GlobalSection(SolutionConfigurationPlatforms) = preSolution
		Debug|Any CPU = Debug|Any CPU
		Release|Any CPU = Release|Any CPU
	EndGlobalSection
	GlobalSection(ProjectConfigurationPlatforms) = postSolution
		{99F313D2-2282-4F12-9356-D47B7DE14592}.Debug|Any CPU.ActiveCfg = Debug|Any CPU
		{99F313D2-2282-4F12-9356-D47B7DE14592}.Release|Any CPU.ActiveCfg = Release|Any CPU
	EndGlobalSection
	GlobalSection(SolutionProperties) = preSolution
		HideSolutionNode = FALSE
	EndGlobalSection
	GlobalSection(ExtensibilityGlobals) = postSolution
		SolutionGuid = {3F56084E-CFD9-4148-B907-F26E247192E2}
	EndGlobalSection
EndGlobal
